
Microsoft Visual Studio Solution File, Format Version 12.00
# Visual Studio Version 17
VisualStudioVersion = 17.6.33815.320
MinimumVisualStudioVersion = 10.0.40219.1
Project("{8BC9CEB8-8B4A-11D0-8D11-00A0C91BC942}") = "Hazel", "Hazel\Hazel.vcxproj", "{330738F5-3009-4516-BE30-9451CC0A6F84}"
EndProject
Project("{8BC9CEB8-8B4A-11D0-8D11-00A0C91BC942}") = "Sandbox", "Sandbox\Sandbox.vcxproj", "{1F570C38-7BCA-471D-9D19-984FD42AF32A}"
EndProject
Global
	GlobalSection(SolutionConfigurationPlatforms) = preSolution
		Debug|x64 = Debug|x64
		Release|x64 = Release|x64
	EndGlobalSection
	GlobalSection(ProjectConfigurationPlatforms) = postSolution
		{330738F5-3009-4516-BE30-9451CC0A6F84}.Debug|x64.ActiveCfg = Debug|x64
		{330738F5-3009-4516-BE30-9451CC0A6F84}.Debug|x64.Build.0 = Debug|x64
		{330738F5-3009-4516-BE30-9451CC0A6F84}.Release|x64.ActiveCfg = Release|x64
		{330738F5-3009-4516-BE30-9451CC0A6F84}.Release|x64.Build.0 = Release|x64
		{1F570C38-7BCA-471D-9D19-984FD42AF32A}.Debug|x64.ActiveCfg = Debug|x64
		{1F570C38-7BCA-471D-9D19-984FD42AF32A}.Debug|x64.Build.0 = Debug|x64
		{1F570C38-7BCA-471D-9D19-984FD42AF32A}.Release|x64.ActiveCfg = Release|x64
		{1F570C38-7BCA-471D-9D19-984FD42AF32A}.Release|x64.Build.0 = Release|x64
	EndGlobalSection
	GlobalSection(SolutionProperties) = preSolution
		HideSolutionNode = FALSE
	EndGlobalSection
	GlobalSection(ExtensibilityGlobals) = postSolution
		SolutionGuid = {DFBC6663-A0ED-427D-9D18-46A0CBDD3E96}
	EndGlobalSection
EndGlobal
